
Microsoft Visual Studio Solution File, Format Version 12.00
# Visual Studio Version 16
VisualStudioVersion = 16.0.32002.261
MinimumVisualStudioVersion = 10.0.40219.1
Project("{FAE04EC0-301F-11D3-BF4B-00C04F79EFBC}") = "MvcCoreEFProcedures", "MvcCoreEFProcedures\MvcCoreEFProcedures.csproj", "{3CA24E6D-D918-4382-B6D2-306F897AB9F5}"
EndProject
Global
	GlobalSection(SolutionConfigurationPlatforms) = preSolution
		Debug|Any CPU = Debug|Any CPU
		Release|Any CPU = Release|Any CPU
	EndGlobalSection
	GlobalSection(ProjectConfigurationPlatforms) = postSolution
		{3CA24E6D-D918-4382-B6D2-306F897AB9F5}.Debug|Any CPU.ActiveCfg = Debug|Any CPU
		{3CA24E6D-D918-4382-B6D2-306F897AB9F5}.Debug|Any CPU.Build.0 = Debug|Any CPU
		{3CA24E6D-D918-4382-B6D2-306F897AB9F5}.Release|Any CPU.ActiveCfg = Release|Any CPU
		{3CA24E6D-D918-4382-B6D2-306F897AB9F5}.Release|Any CPU.Build.0 = Release|Any CPU
	EndGlobalSection
	GlobalSection(SolutionProperties) = preSolution
		HideSolutionNode = FALSE
	EndGlobalSection
	GlobalSection(ExtensibilityGlobals) = postSolution
		SolutionGuid = {8A64A123-A121-449D-A08B-0A0D63A37150}
	EndGlobalSection
EndGlobal
